
Microsoft Visual Studio Solution File, Format Version 12.00
# Visual Studio Version 16
VisualStudioVersion = 16.0.30002.166
MinimumVisualStudioVersion = 10.0.40219.1
Project("{8BC9CEB8-8B4A-11D0-8D11-00A0C91BC942}") = "Sandbox", "Sandbox\Sandbox.vcxproj", "{A7AA0213-28B1-4E65-ABCC-034071320C8E}"
EndProject
Project("{8BC9CEB8-8B4A-11D0-8D11-00A0C91BC942}") = "Tunti", "Tunti\Tunti.vcxproj", "{486028ED-33F9-4976-B8A1-37ED23AD7915}"
EndProject
Global
	GlobalSection(SolutionConfigurationPlatforms) = preSolution
		Debug|x64 = Debug|x64
		Release|x64 = Release|x64
	EndGlobalSection
	GlobalSection(ProjectConfigurationPlatforms) = postSolution
		{486028ED-33F9-4976-B8A1-37ED23AD7915}.Debug|x64.ActiveCfg = Debug|x64
		{486028ED-33F9-4976-B8A1-37ED23AD7915}.Debug|x64.Build.0 = Debug|x64
		{486028ED-33F9-4976-B8A1-37ED23AD7915}.Release|x64.ActiveCfg = Release|x64
		{486028ED-33F9-4976-B8A1-37ED23AD7915}.Release|x64.Build.0 = Release|x64
		{A7AA0213-28B1-4E65-ABCC-034071320C8E}.Debug|x64.ActiveCfg = Debug|x64
		{A7AA0213-28B1-4E65-ABCC-034071320C8E}.Debug|x64.Build.0 = Debug|x64
		{A7AA0213-28B1-4E65-ABCC-034071320C8E}.Release|x64.ActiveCfg = Release|x64
		{A7AA0213-28B1-4E65-ABCC-034071320C8E}.Release|x64.Build.0 = Release|x64
	EndGlobalSection
	GlobalSection(SolutionProperties) = preSolution
		HideSolutionNode = FALSE
	EndGlobalSection
	GlobalSection(ExtensibilityGlobals) = postSolution
		SolutionGuid = {FD137BFF-F204-44BA-BA5F-E372E1C219BD}
	EndGlobalSection
EndGlobal
