<?xml version="1.0" encoding="utf-8"?>
<Project ToolsVersion="4.0" xmlns="http://schemas.microsoft.com/developer/msbuild/2003">
  <ItemGroup>
    <Filter Include="Tunti">
      <UniqueIdentifier>{1916310E-852A-59BF-4EAC-FC1EBA7F55F0}</UniqueIdentifier>
    </Filter>
  </ItemGroup>
  <ItemGroup>
    <ClInclude Include="src\Tunti.h" />
    <ClInclude Include="src\Tunti\Application.h">
      <Filter>Tunti</Filter>
    </ClInclude>
    <ClInclude Include="src\Tunti\Core.h">
      <Filter>Tunti</Filter>
    </ClInclude>
    <ClInclude Include="src\Tunti\EntryPoint.h">
      <Filter>Tunti</Filter>
    </ClInclude>
    <ClInclude Include="src\Tunti\Log.h">
      <Filter>Tunti</Filter>
    </ClInclude>
  </ItemGroup>
  <ItemGroup>
    <ClCompile Include="src\Tunti\Application.cpp">
      <Filter>Tunti</Filter>
    </ClCompile>
    <ClCompile Include="src\Tunti\Log.cpp">
      <Filter>Tunti</Filter>
    </ClCompile>
  </ItemGroup>
</Project>