<?xml version="1.0" encoding="utf-8"?>
<Project ToolsVersion="4.0" xmlns="http://schemas.microsoft.com/developer/msbuild/2003">
  <ItemGroup>
    <Filter Include="Platform">
      <UniqueIdentifier>{2AC788B4-1694-E3BF-3FAD-D1672BD9184E}</UniqueIdentifier>
    </Filter>
    <Filter Include="Platform\OpenGL">
      <UniqueIdentifier>{1E7D2C1D-8A08-9AE1-9319-1DD6FF23F6E1}</UniqueIdentifier>
    </Filter>
    <Filter Include="Platform\Windows">
      <UniqueIdentifier>{64FBD71A-50F4-F66C-7926-DCF1657ED678}</UniqueIdentifier>
    </Filter>
    <Filter Include="Tunti">
      <UniqueIdentifier>{1916310E-852A-59BF-4EAC-FC1EBA7F55F0}</UniqueIdentifier>
    </Filter>
    <Filter Include="Tunti\Events">
      <UniqueIdentifier>{DDCB3F93-C92E-CF37-72B4-07EE5EF69ABA}</UniqueIdentifier>
    </Filter>
    <Filter Include="Tunti\ImGui">
      <UniqueIdentifier>{03FAA1A7-6FAF-1A9D-F8A3-1474645811A1}</UniqueIdentifier>
    </Filter>
  </ItemGroup>
  <ItemGroup>
    <ClInclude Include="src\Platform\OpenGL\imgui_impl_opengl3.h">
      <Filter>Platform\OpenGL</Filter>
    </ClInclude>
    <ClInclude Include="src\Platform\Windows\WindowsWindow.h">
      <Filter>Platform\Windows</Filter>
    </ClInclude>
    <ClInclude Include="src\Tunti.h" />
    <ClInclude Include="src\Tunti\Application.h">
      <Filter>Tunti</Filter>
    </ClInclude>
    <ClInclude Include="src\Tunti\Core.h">
      <Filter>Tunti</Filter>
    </ClInclude>
    <ClInclude Include="src\Tunti\EntryPoint.h">
      <Filter>Tunti</Filter>
    </ClInclude>
    <ClInclude Include="src\Tunti\Events\ApplicationEvent.h">
      <Filter>Tunti\Events</Filter>
    </ClInclude>
    <ClInclude Include="src\Tunti\Events\Event.h">
      <Filter>Tunti\Events</Filter>
    </ClInclude>
    <ClInclude Include="src\Tunti\Events\KeyEvent.h">
      <Filter>Tunti\Events</Filter>
    </ClInclude>
    <ClInclude Include="src\Tunti\Events\MouseEvent.h">
      <Filter>Tunti\Events</Filter>
    </ClInclude>
    <ClInclude Include="src\Tunti\ImGui\ImGuiLayer.h">
      <Filter>Tunti\ImGui</Filter>
    </ClInclude>
    <ClInclude Include="src\Tunti\Layer.h">
      <Filter>Tunti</Filter>
    </ClInclude>
    <ClInclude Include="src\Tunti\LayerStack.h">
      <Filter>Tunti</Filter>
    </ClInclude>
    <ClInclude Include="src\Tunti\Log.h">
      <Filter>Tunti</Filter>
    </ClInclude>
    <ClInclude Include="src\Tunti\Window.h">
      <Filter>Tunti</Filter>
    </ClInclude>
    <ClInclude Include="src\tpch.h" />
    <ClInclude Include="src\Tunti\Input.h" />
    <ClInclude Include="src\Platform\Windows\WindowsInput.h" />
    <ClInclude Include="src\Tunti\KeyCodes.h" />
    <ClInclude Include="src\Tunti\MouseButtonCodes.h" />
  </ItemGroup>
  <ItemGroup>
    <ClCompile Include="src\Platform\OpenGL\imgui_impl_opengl3.cpp">
      <Filter>Platform\OpenGL</Filter>
    </ClCompile>
    <ClCompile Include="src\Platform\Windows\WindowsWindow.cpp">
      <Filter>Platform\Windows</Filter>
    </ClCompile>
    <ClCompile Include="src\Tunti\Application.cpp">
      <Filter>Tunti</Filter>
    </ClCompile>
    <ClCompile Include="src\Tunti\ImGui\ImGuiLayer.cpp">
      <Filter>Tunti\ImGui</Filter>
    </ClCompile>
    <ClCompile Include="src\Tunti\Layer.cpp">
      <Filter>Tunti</Filter>
    </ClCompile>
    <ClCompile Include="src\Tunti\LayerStack.cpp">
      <Filter>Tunti</Filter>
    </ClCompile>
    <ClCompile Include="src\Tunti\Log.cpp">
      <Filter>Tunti</Filter>
    </ClCompile>
    <ClCompile Include="src\tpch.cpp" />
    <ClCompile Include="src\Platform\Windows\WindowsInput.cpp" />
  </ItemGroup>
</Project>